
Microsoft Visual Studio Solution File, Format Version 12.00
# Visual Studio Version 16
VisualStudioVersion = 16.0.29519.87
MinimumVisualStudioVersion = 10.0.40219.1
Project("{FAE04EC0-301F-11D3-BF4B-00C04F79EFBC}") = "sentiment Analysis C", "sentiment Analysis C.csproj", "{30497CAC-BE38-4EC9-B4F9-04B987A01429}"
EndProject
Global
	GlobalSection(SolutionConfigurationPlatforms) = preSolution
		Debug|Any CPU = Debug|Any CPU
		Release|Any CPU = Release|Any CPU
	EndGlobalSection
	GlobalSection(ProjectConfigurationPlatforms) = postSolution
		{30497CAC-BE38-4EC9-B4F9-04B987A01429}.Debug|Any CPU.ActiveCfg = Debug|Any CPU
		{30497CAC-BE38-4EC9-B4F9-04B987A01429}.Debug|Any CPU.Build.0 = Debug|Any CPU
		{30497CAC-BE38-4EC9-B4F9-04B987A01429}.Release|Any CPU.ActiveCfg = Release|Any CPU
		{30497CAC-BE38-4EC9-B4F9-04B987A01429}.Release|Any CPU.Build.0 = Release|Any CPU
	EndGlobalSection
	GlobalSection(SolutionProperties) = preSolution
		HideSolutionNode = FALSE
	EndGlobalSection
	GlobalSection(ExtensibilityGlobals) = postSolution
		SolutionGuid = {19E79577-C22F-4E20-94BE-51ACE3919B31}
	EndGlobalSection
EndGlobal
